
Microsoft Visual Studio Solution File, Format Version 12.00
# Visual Studio Version 17
VisualStudioVersion = 17.0.31912.275
MinimumVisualStudioVersion = 10.0.40219.1
Project("{FAE04EC0-301F-11D3-BF4B-00C04F79EFBC}") = "User_registration", "User_registration\User_registration.csproj", "{FC62D60B-86B3-4583-B7D8-F0847A221BF9}"
EndProject
Global
	GlobalSection(SolutionConfigurationPlatforms) = preSolution
		Debug|Any CPU = Debug|Any CPU
		Release|Any CPU = Release|Any CPU
	EndGlobalSection
	GlobalSection(ProjectConfigurationPlatforms) = postSolution
		{FC62D60B-86B3-4583-B7D8-F0847A221BF9}.Debug|Any CPU.ActiveCfg = Debug|Any CPU
		{FC62D60B-86B3-4583-B7D8-F0847A221BF9}.Debug|Any CPU.Build.0 = Debug|Any CPU
		{FC62D60B-86B3-4583-B7D8-F0847A221BF9}.Release|Any CPU.ActiveCfg = Release|Any CPU
		{FC62D60B-86B3-4583-B7D8-F0847A221BF9}.Release|Any CPU.Build.0 = Release|Any CPU
	EndGlobalSection
	GlobalSection(SolutionProperties) = preSolution
		HideSolutionNode = FALSE
	EndGlobalSection
	GlobalSection(ExtensibilityGlobals) = postSolution
		SolutionGuid = {03056503-6F24-4DAE-8E93-26A42B0044AF}
	EndGlobalSection
EndGlobal
